
Microsoft Visual Studio Solution File, Format Version 12.00
# Visual Studio Version 17
VisualStudioVersion = 17.0.31919.166
MinimumVisualStudioVersion = 10.0.40219.1
Project("{9A19103F-16F7-4668-BE54-9A1E7A4F7556}") = "Day1", "Day1\Day1.csproj", "{3F04DBC7-4DCE-443A-B0FD-71AC0C797D3E}"
EndProject
Project("{FAE04EC0-301F-11D3-BF4B-00C04F79EFBC}") = "Day2", "Day2\Day2.csproj", "{00042E52-CFDD-4C4F-AE13-70AA27ABFC1D}"
EndProject
Project("{FAE04EC0-301F-11D3-BF4B-00C04F79EFBC}") = "Day3", "Day3\Day3.csproj", "{21224D13-30CE-4940-B090-33251D3BED4B}"
EndProject
Project("{FAE04EC0-301F-11D3-BF4B-00C04F79EFBC}") = "Day4", "Day4\Day4.csproj", "{6E975FCB-C3AF-40DA-B7FD-52AB106F66A9}"
EndProject
Global
	GlobalSection(SolutionConfigurationPlatforms) = preSolution
		Debug|Any CPU = Debug|Any CPU
		Release|Any CPU = Release|Any CPU
	EndGlobalSection
	GlobalSection(ProjectConfigurationPlatforms) = postSolution
		{3F04DBC7-4DCE-443A-B0FD-71AC0C797D3E}.Debug|Any CPU.ActiveCfg = Debug|Any CPU
		{3F04DBC7-4DCE-443A-B0FD-71AC0C797D3E}.Debug|Any CPU.Build.0 = Debug|Any CPU
		{3F04DBC7-4DCE-443A-B0FD-71AC0C797D3E}.Release|Any CPU.ActiveCfg = Release|Any CPU
		{3F04DBC7-4DCE-443A-B0FD-71AC0C797D3E}.Release|Any CPU.Build.0 = Release|Any CPU
		{00042E52-CFDD-4C4F-AE13-70AA27ABFC1D}.Debug|Any CPU.ActiveCfg = Debug|Any CPU
		{00042E52-CFDD-4C4F-AE13-70AA27ABFC1D}.Debug|Any CPU.Build.0 = Debug|Any CPU
		{00042E52-CFDD-4C4F-AE13-70AA27ABFC1D}.Release|Any CPU.ActiveCfg = Release|Any CPU
		{00042E52-CFDD-4C4F-AE13-70AA27ABFC1D}.Release|Any CPU.Build.0 = Release|Any CPU
		{21224D13-30CE-4940-B090-33251D3BED4B}.Debug|Any CPU.ActiveCfg = Debug|Any CPU
		{21224D13-30CE-4940-B090-33251D3BED4B}.Debug|Any CPU.Build.0 = Debug|Any CPU
		{21224D13-30CE-4940-B090-33251D3BED4B}.Release|Any CPU.ActiveCfg = Release|Any CPU
		{21224D13-30CE-4940-B090-33251D3BED4B}.Release|Any CPU.Build.0 = Release|Any CPU
		{6E975FCB-C3AF-40DA-B7FD-52AB106F66A9}.Debug|Any CPU.ActiveCfg = Debug|Any CPU
		{6E975FCB-C3AF-40DA-B7FD-52AB106F66A9}.Debug|Any CPU.Build.0 = Debug|Any CPU
		{6E975FCB-C3AF-40DA-B7FD-52AB106F66A9}.Release|Any CPU.ActiveCfg = Release|Any CPU
		{6E975FCB-C3AF-40DA-B7FD-52AB106F66A9}.Release|Any CPU.Build.0 = Release|Any CPU
	EndGlobalSection
	GlobalSection(SolutionProperties) = preSolution
		HideSolutionNode = FALSE
	EndGlobalSection
	GlobalSection(ExtensibilityGlobals) = postSolution
		SolutionGuid = {5FB5813A-62CC-4EB2-8445-9F9F7C098D3D}
	EndGlobalSection
EndGlobal
